
Microsoft Visual Studio Solution File, Format Version 12.00
# Visual Studio Version 17
VisualStudioVersion = 17.9.34622.214
MinimumVisualStudioVersion = 10.0.40219.1
Project("{FAE04EC0-301F-11D3-BF4B-00C04F79EFBC}") = "JourneyGlow", "JourneyGlow\JourneyGlow.csproj", "{B43A3AC9-493C-4557-A82B-58ED4A910E79}"
EndProject
Global
	GlobalSection(SolutionConfigurationPlatforms) = preSolution
		Debug|Any CPU = Debug|Any CPU
		Release|Any CPU = Release|Any CPU
	EndGlobalSection
	GlobalSection(ProjectConfigurationPlatforms) = postSolution
		{B43A3AC9-493C-4557-A82B-58ED4A910E79}.Debug|Any CPU.ActiveCfg = Debug|Any CPU
		{B43A3AC9-493C-4557-A82B-58ED4A910E79}.Debug|Any CPU.Build.0 = Debug|Any CPU
		{B43A3AC9-493C-4557-A82B-58ED4A910E79}.Release|Any CPU.ActiveCfg = Release|Any CPU
		{B43A3AC9-493C-4557-A82B-58ED4A910E79}.Release|Any CPU.Build.0 = Release|Any CPU
	EndGlobalSection
	GlobalSection(SolutionProperties) = preSolution
		HideSolutionNode = FALSE
	EndGlobalSection
	GlobalSection(ExtensibilityGlobals) = postSolution
		SolutionGuid = {B6F9CEC3-5801-42AA-9169-8031F6BEB311}
	EndGlobalSection
EndGlobal
